
Microsoft Visual Studio Solution File, Format Version 12.00
# Visual Studio 15
VisualStudioVersion = 15.0.27004.2008
MinimumVisualStudioVersion = 10.0.40219.1
Project("{FAE04EC0-301F-11D3-BF4B-00C04F79EFBC}") = "OrleansHelloWorld", "OrleansHelloWorld\OrleansHelloWorld.csproj", "{064CDAD6-060E-425E-B6A5-6B4C2060BDAA}"
EndProject
Project("{FAE04EC0-301F-11D3-BF4B-00C04F79EFBC}") = "HelloWorldGrainInterfaces", "HelloWorldGrainInterfaces\HelloWorldGrainInterfaces.csproj", "{946A7A5A-07D2-4615-8E4E-3E9F7E2D600A}"
EndProject
Project("{FAE04EC0-301F-11D3-BF4B-00C04F79EFBC}") = "HelloWorldGrains", "HelloWorldGrains\HelloWorldGrains.csproj", "{BD838D03-154C-4F93-ACE4-28981611DD20}"
EndProject
Global
	GlobalSection(SolutionConfigurationPlatforms) = preSolution
		Debug|Any CPU = Debug|Any CPU
		Release|Any CPU = Release|Any CPU
	EndGlobalSection
	GlobalSection(ProjectConfigurationPlatforms) = postSolution
		{064CDAD6-060E-425E-B6A5-6B4C2060BDAA}.Debug|Any CPU.ActiveCfg = Debug|Any CPU
		{064CDAD6-060E-425E-B6A5-6B4C2060BDAA}.Debug|Any CPU.Build.0 = Debug|Any CPU
		{064CDAD6-060E-425E-B6A5-6B4C2060BDAA}.Release|Any CPU.ActiveCfg = Release|Any CPU
		{064CDAD6-060E-425E-B6A5-6B4C2060BDAA}.Release|Any CPU.Build.0 = Release|Any CPU
		{946A7A5A-07D2-4615-8E4E-3E9F7E2D600A}.Debug|Any CPU.ActiveCfg = Debug|Any CPU
		{946A7A5A-07D2-4615-8E4E-3E9F7E2D600A}.Debug|Any CPU.Build.0 = Debug|Any CPU
		{946A7A5A-07D2-4615-8E4E-3E9F7E2D600A}.Release|Any CPU.ActiveCfg = Release|Any CPU
		{946A7A5A-07D2-4615-8E4E-3E9F7E2D600A}.Release|Any CPU.Build.0 = Release|Any CPU
		{BD838D03-154C-4F93-ACE4-28981611DD20}.Debug|Any CPU.ActiveCfg = Debug|Any CPU
		{BD838D03-154C-4F93-ACE4-28981611DD20}.Debug|Any CPU.Build.0 = Debug|Any CPU
		{BD838D03-154C-4F93-ACE4-28981611DD20}.Release|Any CPU.ActiveCfg = Release|Any CPU
		{BD838D03-154C-4F93-ACE4-28981611DD20}.Release|Any CPU.Build.0 = Release|Any CPU
	EndGlobalSection
	GlobalSection(SolutionProperties) = preSolution
		HideSolutionNode = FALSE
	EndGlobalSection
	GlobalSection(ExtensibilityGlobals) = postSolution
		SolutionGuid = {7DF4FB1F-28B6-4444-B122-AC0F64879CAB}
	EndGlobalSection
EndGlobal
